// !$*UTF8*$!
{
	archiveVersion = 1;
	classes = {
	};
	objectVersion = 56;
	objects = {

/* Begin PBXBuildFile section */
		547DFEF42C9C7C35002F5DBD /* PublicReposApp.swift in Sources */ = {isa = PBXBuildFile; fileRef = 547DFEF32C9C7C35002F5DBD /* PublicReposApp.swift */; };
		547DFEF82C9C7C37002F5DBD /* Assets.xcassets in Resources */ = {isa = PBXBuildFile; fileRef = 547DFEF72C9C7C37002F5DBD /* Assets.xcassets */; };
		547DFEFC2C9C7C37002F5DBD /* Preview Assets.xcassets in Resources */ = {isa = PBXBuildFile; fileRef = 547DFEFB2C9C7C37002F5DBD /* Preview Assets.xcassets */; };
		547DFF102C9C7C38002F5DBD /* PublicReposUITests.swift in Sources */ = {isa = PBXBuildFile; fileRef = 547DFF0F2C9C7C38002F5DBD /* PublicReposUITests.swift */; };
		547DFF122C9C7C38002F5DBD /* PublicReposUITestsLaunchTests.swift in Sources */ = {isa = PBXBuildFile; fileRef = 547DFF112C9C7C38002F5DBD /* PublicReposUITestsLaunchTests.swift */; };
		547DFF202C9C86A3002F5DBD /* RepositoryModel.swift in Sources */ = {isa = PBXBuildFile; fileRef = 547DFF1F2C9C86A3002F5DBD /* RepositoryModel.swift */; };
		547DFF222C9C8761002F5DBD /* RepositoryOwnerModel.swift in Sources */ = {isa = PBXBuildFile; fileRef = 547DFF212C9C8761002F5DBD /* RepositoryOwnerModel.swift */; };
		547DFF272C9C88B2002F5DBD /* ApiRouter.swift in Sources */ = {isa = PBXBuildFile; fileRef = 547DFF262C9C88B2002F5DBD /* ApiRouter.swift */; };
		547DFF302C9D3DB3002F5DBD /* Environments.swift in Sources */ = {isa = PBXBuildFile; fileRef = 547DFF2F2C9D3DB3002F5DBD /* Environments.swift */; };
		547DFF362C9DD538002F5DBD /* RepositoriesView.swift in Sources */ = {isa = PBXBuildFile; fileRef = 547DFF352C9DD538002F5DBD /* RepositoriesView.swift */; };
		547DFF392C9DD6C5002F5DBD /* RepositoriesViewModel.swift in Sources */ = {isa = PBXBuildFile; fileRef = 547DFF382C9DD6C5002F5DBD /* RepositoriesViewModel.swift */; };
		547DFF3C2C9DEBF6002F5DBD /* RepositoryDetailsView.swift in Sources */ = {isa = PBXBuildFile; fileRef = 547DFF3B2C9DEBF6002F5DBD /* RepositoryDetailsView.swift */; };
		547DFF422C9E3BD9002F5DBD /* ImageCashe.swift in Sources */ = {isa = PBXBuildFile; fileRef = 547DFF412C9E3BD9002F5DBD /* ImageCashe.swift */; };
		547DFF442C9E3C08002F5DBD /* CachedAsyncImage.swift in Sources */ = {isa = PBXBuildFile; fileRef = 547DFF432C9E3C08002F5DBD /* CachedAsyncImage.swift */; };
		547DFF472C9E4EEB002F5DBD /* RepositoriesViewModelTests.swift in Sources */ = {isa = PBXBuildFile; fileRef = 547DFF462C9E4EEB002F5DBD /* RepositoriesViewModelTests.swift */; };
		547DFF4A2C9E5809002F5DBD /* RepositoryDetailsViewModel.swift in Sources */ = {isa = PBXBuildFile; fileRef = 547DFF492C9E5809002F5DBD /* RepositoryDetailsViewModel.swift */; };
		547DFF4C2C9E588F002F5DBD /* RepositoryDetailsViewModelTests.swift in Sources */ = {isa = PBXBuildFile; fileRef = 547DFF4B2C9E588F002F5DBD /* RepositoryDetailsViewModelTests.swift */; };
		547DFF512C9EE379002F5DBD /* MockRepositories.json in Resources */ = {isa = PBXBuildFile; fileRef = 547DFF502C9EE379002F5DBD /* MockRepositories.json */; };
		547DFF532C9EE3CB002F5DBD /* MockRepositoryDetails.json in Resources */ = {isa = PBXBuildFile; fileRef = 547DFF522C9EE3CB002F5DBD /* MockRepositoryDetails.json */; };
		547DFF572C9EEB08002F5DBD /* RepositoriesApiProtocol.swift in Sources */ = {isa = PBXBuildFile; fileRef = 547DFF562C9EEB08002F5DBD /* RepositoriesApiProtocol.swift */; };
		547DFF5B2C9EECFC002F5DBD /* RepositoryDetailsApiProtocol.swift in Sources */ = {isa = PBXBuildFile; fileRef = 547DFF5A2C9EECFC002F5DBD /* RepositoryDetailsApiProtocol.swift */; };
		547DFF5E2C9EF39D002F5DBD /* RepositoriesService.swift in Sources */ = {isa = PBXBuildFile; fileRef = 547DFF5D2C9EF39D002F5DBD /* RepositoriesService.swift */; };
		547DFF602C9EF3B4002F5DBD /* RepositoryDetailsService.swift in Sources */ = {isa = PBXBuildFile; fileRef = 547DFF5F2C9EF3B4002F5DBD /* RepositoryDetailsService.swift */; };
		547DFF642C9EF470002F5DBD /* MockRepositoriesService.swift in Sources */ = {isa = PBXBuildFile; fileRef = 547DFF632C9EF470002F5DBD /* MockRepositoriesService.swift */; };
		547DFF672C9F05D0002F5DBD /* MockRepositoryDetailsService.swift in Sources */ = {isa = PBXBuildFile; fileRef = 547DFF662C9F05D0002F5DBD /* MockRepositoryDetailsService.swift */; };
		547DFF6F2C9F30B2002F5DBD /* ApiErrorsEnum.swift in Sources */ = {isa = PBXBuildFile; fileRef = 547DFF6E2C9F30B2002F5DBD /* ApiErrorsEnum.swift */; };
		547DFF752C9F70FB002F5DBD /* AppColors.swift in Sources */ = {isa = PBXBuildFile; fileRef = 547DFF742C9F70FB002F5DBD /* AppColors.swift */; };
		547DFF7B2C9F9A9F002F5DBD /* RepositoryRowView.swift in Sources */ = {isa = PBXBuildFile; fileRef = 547DFF7A2C9F9A9F002F5DBD /* RepositoryRowView.swift */; };
		54D9310A2CA0120A0052B9E2 /* RepositoryUIModel.swift in Sources */ = {isa = PBXBuildFile; fileRef = 54D931092CA0120A0052B9E2 /* RepositoryUIModel.swift */; };
		54D9310C2CA025220052B9E2 /* RepositoryDetailsUIModel.swift in Sources */ = {isa = PBXBuildFile; fileRef = 54D9310B2CA025220052B9E2 /* RepositoryDetailsUIModel.swift */; };
		54D9310F2CA026560052B9E2 /* Int+Extension.swift in Sources */ = {isa = PBXBuildFile; fileRef = 54D9310E2CA026560052B9E2 /* Int+Extension.swift */; };
		54D931132CA028360052B9E2 /* Localizable.xcstrings in Resources */ = {isa = PBXBuildFile; fileRef = 54D931122CA028360052B9E2 /* Localizable.xcstrings */; };
		54D931182CA02E2A0052B9E2 /* RepositoryModelTest.swift in Sources */ = {isa = PBXBuildFile; fileRef = 54D931172CA02E2A0052B9E2 /* RepositoryModelTest.swift */; };
		54D9311A2CA02FB40052B9E2 /* DetaLoader.swift in Sources */ = {isa = PBXBuildFile; fileRef = 54D931192CA02FB40052B9E2 /* DetaLoader.swift */; };
		54D9311C2CA02FDE0052B9E2 /* MockFiles.swift in Sources */ = {isa = PBXBuildFile; fileRef = 54D9311B2CA02FDE0052B9E2 /* MockFiles.swift */; };
		54D9311F2CA03ED60052B9E2 /* UIColor+Extension.swift in Sources */ = {isa = PBXBuildFile; fileRef = 54D9311E2CA03ED60052B9E2 /* UIColor+Extension.swift */; };
		54D931212CA03EE40052B9E2 /* Color+Extension.swift in Sources */ = {isa = PBXBuildFile; fileRef = 54D931202CA03EE40052B9E2 /* Color+Extension.swift */; };
/* End PBXBuildFile section */

/* Begin PBXContainerItemProxy section */
		547DFF022C9C7C38002F5DBD /* PBXContainerItemProxy */ = {
			isa = PBXContainerItemProxy;
			containerPortal = 547DFEE82C9C7C35002F5DBD /* Project object */;
			proxyType = 1;
			remoteGlobalIDString = 547DFEEF2C9C7C35002F5DBD;
			remoteInfo = PublicRepos;
		};
		547DFF0C2C9C7C38002F5DBD /* PBXContainerItemProxy */ = {
			isa = PBXContainerItemProxy;
			containerPortal = 547DFEE82C9C7C35002F5DBD /* Project object */;
			proxyType = 1;
			remoteGlobalIDString = 547DFEEF2C9C7C35002F5DBD;
			remoteInfo = PublicRepos;
		};
/* End PBXContainerItemProxy section */

/* Begin PBXFileReference section */
		547DFEF02C9C7C35002F5DBD /* PublicRepos.app */ = {isa = PBXFileReference; explicitFileType = wrapper.application; includeInIndex = 0; path = PublicRepos.app; sourceTree = BUILT_PRODUCTS_DIR; };
		547DFEF32C9C7C35002F5DBD /* PublicReposApp.swift */ = {isa = PBXFileReference; lastKnownFileType = sourcecode.swift; path = PublicReposApp.swift; sourceTree = "<group>"; };
		547DFEF72C9C7C37002F5DBD /* Assets.xcassets */ = {isa = PBXFileReference; lastKnownFileType = folder.assetcatalog; path = Assets.xcassets; sourceTree = "<group>"; };
		547DFEF92C9C7C37002F5DBD /* PublicRepos.entitlements */ = {isa = PBXFileReference; lastKnownFileType = text.plist.entitlements; path = PublicRepos.entitlements; sourceTree = "<group>"; };
		547DFEFB2C9C7C37002F5DBD /* Preview Assets.xcassets */ = {isa = PBXFileReference; lastKnownFileType = folder.assetcatalog; path = "Preview Assets.xcassets"; sourceTree = "<group>"; };
		547DFF012C9C7C38002F5DBD /* PublicReposTests.xctest */ = {isa = PBXFileReference; explicitFileType = wrapper.cfbundle; includeInIndex = 0; path = PublicReposTests.xctest; sourceTree = BUILT_PRODUCTS_DIR; };
		547DFF0B2C9C7C38002F5DBD /* PublicReposUITests.xctest */ = {isa = PBXFileReference; explicitFileType = wrapper.cfbundle; includeInIndex = 0; path = PublicReposUITests.xctest; sourceTree = BUILT_PRODUCTS_DIR; };
		547DFF0F2C9C7C38002F5DBD /* PublicReposUITests.swift */ = {isa = PBXFileReference; lastKnownFileType = sourcecode.swift; path = PublicReposUITests.swift; sourceTree = "<group>"; };
		547DFF112C9C7C38002F5DBD /* PublicReposUITestsLaunchTests.swift */ = {isa = PBXFileReference; lastKnownFileType = sourcecode.swift; path = PublicReposUITestsLaunchTests.swift; sourceTree = "<group>"; };
		547DFF1F2C9C86A3002F5DBD /* RepositoryModel.swift */ = {isa = PBXFileReference; lastKnownFileType = sourcecode.swift; path = RepositoryModel.swift; sourceTree = "<group>"; };
		547DFF212C9C8761002F5DBD /* RepositoryOwnerModel.swift */ = {isa = PBXFileReference; lastKnownFileType = sourcecode.swift; path = RepositoryOwnerModel.swift; sourceTree = "<group>"; };
		547DFF262C9C88B2002F5DBD /* ApiRouter.swift */ = {isa = PBXFileReference; lastKnownFileType = sourcecode.swift; path = ApiRouter.swift; sourceTree = "<group>"; };
		547DFF2B2C9D3B0D002F5DBD /* Debug.xcconfig */ = {isa = PBXFileReference; lastKnownFileType = text.xcconfig; path = Debug.xcconfig; sourceTree = "<group>"; };
		547DFF2C2C9D3B90002F5DBD /* Release.xcconfig */ = {isa = PBXFileReference; lastKnownFileType = text.xcconfig; path = Release.xcconfig; sourceTree = "<group>"; };
		547DFF2D2C9D3C7E002F5DBD /* Info.plist */ = {isa = PBXFileReference; lastKnownFileType = text.plist; path = Info.plist; sourceTree = "<group>"; };
		547DFF2F2C9D3DB3002F5DBD /* Environments.swift */ = {isa = PBXFileReference; lastKnownFileType = sourcecode.swift; path = Environments.swift; sourceTree = "<group>"; };
		547DFF352C9DD538002F5DBD /* RepositoriesView.swift */ = {isa = PBXFileReference; lastKnownFileType = sourcecode.swift; path = RepositoriesView.swift; sourceTree = "<group>"; };
		547DFF382C9DD6C5002F5DBD /* RepositoriesViewModel.swift */ = {isa = PBXFileReference; lastKnownFileType = sourcecode.swift; path = RepositoriesViewModel.swift; sourceTree = "<group>"; };
		547DFF3B2C9DEBF6002F5DBD /* RepositoryDetailsView.swift */ = {isa = PBXFileReference; lastKnownFileType = sourcecode.swift; path = RepositoryDetailsView.swift; sourceTree = "<group>"; };
		547DFF412C9E3BD9002F5DBD /* ImageCashe.swift */ = {isa = PBXFileReference; lastKnownFileType = sourcecode.swift; path = ImageCashe.swift; sourceTree = "<group>"; };
		547DFF432C9E3C08002F5DBD /* CachedAsyncImage.swift */ = {isa = PBXFileReference; lastKnownFileType = sourcecode.swift; path = CachedAsyncImage.swift; sourceTree = "<group>"; };
		547DFF462C9E4EEB002F5DBD /* RepositoriesViewModelTests.swift */ = {isa = PBXFileReference; lastKnownFileType = sourcecode.swift; path = RepositoriesViewModelTests.swift; sourceTree = "<group>"; };
		547DFF492C9E5809002F5DBD /* RepositoryDetailsViewModel.swift */ = {isa = PBXFileReference; lastKnownFileType = sourcecode.swift; path = RepositoryDetailsViewModel.swift; sourceTree = "<group>"; };
		547DFF4B2C9E588F002F5DBD /* RepositoryDetailsViewModelTests.swift */ = {isa = PBXFileReference; lastKnownFileType = sourcecode.swift; path = RepositoryDetailsViewModelTests.swift; sourceTree = "<group>"; };
		547DFF502C9EE379002F5DBD /* MockRepositories.json */ = {isa = PBXFileReference; lastKnownFileType = text.json; path = MockRepositories.json; sourceTree = "<group>"; };
		547DFF522C9EE3CB002F5DBD /* MockRepositoryDetails.json */ = {isa = PBXFileReference; lastKnownFileType = text.json; path = MockRepositoryDetails.json; sourceTree = "<group>"; };
		547DFF562C9EEB08002F5DBD /* RepositoriesApiProtocol.swift */ = {isa = PBXFileReference; lastKnownFileType = sourcecode.swift; path = RepositoriesApiProtocol.swift; sourceTree = "<group>"; };
		547DFF5A2C9EECFC002F5DBD /* RepositoryDetailsApiProtocol.swift */ = {isa = PBXFileReference; lastKnownFileType = sourcecode.swift; path = RepositoryDetailsApiProtocol.swift; sourceTree = "<group>"; };
		547DFF5D2C9EF39D002F5DBD /* RepositoriesService.swift */ = {isa = PBXFileReference; lastKnownFileType = sourcecode.swift; path = RepositoriesService.swift; sourceTree = "<group>"; };
		547DFF5F2C9EF3B4002F5DBD /* RepositoryDetailsService.swift */ = {isa = PBXFileReference; lastKnownFileType = sourcecode.swift; path = RepositoryDetailsService.swift; sourceTree = "<group>"; };
		547DFF632C9EF470002F5DBD /* MockRepositoriesService.swift */ = {isa = PBXFileReference; lastKnownFileType = sourcecode.swift; path = MockRepositoriesService.swift; sourceTree = "<group>"; };
		547DFF662C9F05D0002F5DBD /* MockRepositoryDetailsService.swift */ = {isa = PBXFileReference; lastKnownFileType = sourcecode.swift; path = MockRepositoryDetailsService.swift; sourceTree = "<group>"; };
		547DFF682C9F0FC9002F5DBD /* ReadMe.md */ = {isa = PBXFileReference; lastKnownFileType = net.daringfireball.markdown; path = ReadMe.md; sourceTree = "<group>"; };
		547DFF6E2C9F30B2002F5DBD /* ApiErrorsEnum.swift */ = {isa = PBXFileReference; lastKnownFileType = sourcecode.swift; path = ApiErrorsEnum.swift; sourceTree = "<group>"; };
		547DFF742C9F70FB002F5DBD /* AppColors.swift */ = {isa = PBXFileReference; lastKnownFileType = sourcecode.swift; path = AppColors.swift; sourceTree = "<group>"; };
		547DFF7A2C9F9A9F002F5DBD /* RepositoryRowView.swift */ = {isa = PBXFileReference; lastKnownFileType = sourcecode.swift; path = RepositoryRowView.swift; sourceTree = "<group>"; };
		54D931092CA0120A0052B9E2 /* RepositoryUIModel.swift */ = {isa = PBXFileReference; lastKnownFileType = sourcecode.swift; path = RepositoryUIModel.swift; sourceTree = "<group>"; };
		54D9310B2CA025220052B9E2 /* RepositoryDetailsUIModel.swift */ = {isa = PBXFileReference; lastKnownFileType = sourcecode.swift; path = RepositoryDetailsUIModel.swift; sourceTree = "<group>"; };
		54D9310E2CA026560052B9E2 /* Int+Extension.swift */ = {isa = PBXFileReference; lastKnownFileType = sourcecode.swift; path = "Int+Extension.swift"; sourceTree = "<group>"; };
		54D931122CA028360052B9E2 /* Localizable.xcstrings */ = {isa = PBXFileReference; lastKnownFileType = text.json.xcstrings; path = Localizable.xcstrings; sourceTree = "<group>"; };
		54D931172CA02E2A0052B9E2 /* RepositoryModelTest.swift */ = {isa = PBXFileReference; lastKnownFileType = sourcecode.swift; path = RepositoryModelTest.swift; sourceTree = "<group>"; };
		54D931192CA02FB40052B9E2 /* DetaLoader.swift */ = {isa = PBXFileReference; lastKnownFileType = sourcecode.swift; path = DetaLoader.swift; sourceTree = "<group>"; };
		54D9311B2CA02FDE0052B9E2 /* MockFiles.swift */ = {isa = PBXFileReference; lastKnownFileType = sourcecode.swift; path = MockFiles.swift; sourceTree = "<group>"; };
		54D9311E2CA03ED60052B9E2 /* UIColor+Extension.swift */ = {isa = PBXFileReference; lastKnownFileType = sourcecode.swift; path = "UIColor+Extension.swift"; sourceTree = "<group>"; };
		54D931202CA03EE40052B9E2 /* Color+Extension.swift */ = {isa = PBXFileReference; lastKnownFileType = sourcecode.swift; path = "Color+Extension.swift"; sourceTree = "<group>"; };
/* End PBXFileReference section */

/* Begin PBXFrameworksBuildPhase section */
		547DFEED2C9C7C35002F5DBD /* Frameworks */ = {
			isa = PBXFrameworksBuildPhase;
			buildActionMask = 2147483647;
			files = (
			);
			runOnlyForDeploymentPostprocessing = 0;
		};
		547DFEFE2C9C7C38002F5DBD /* Frameworks */ = {
			isa = PBXFrameworksBuildPhase;
			buildActionMask = 2147483647;
			files = (
			);
			runOnlyForDeploymentPostprocessing = 0;
		};
		547DFF082C9C7C38002F5DBD /* Frameworks */ = {
			isa = PBXFrameworksBuildPhase;
			buildActionMask = 2147483647;
			files = (
			);
			runOnlyForDeploymentPostprocessing = 0;
		};
/* End PBXFrameworksBuildPhase section */

/* Begin PBXGroup section */
		547DFEE72C9C7C35002F5DBD = {
			isa = PBXGroup;
			children = (
				547DFEF22C9C7C35002F5DBD /* PublicRepos */,
				547DFF042C9C7C38002F5DBD /* PublicReposTests */,
				547DFF0E2C9C7C38002F5DBD /* PublicReposUITests */,
				547DFEF12C9C7C35002F5DBD /* Products */,
			);
			sourceTree = "<group>";
		};
		547DFEF12C9C7C35002F5DBD /* Products */ = {
			isa = PBXGroup;
			children = (
				547DFEF02C9C7C35002F5DBD /* PublicRepos.app */,
				547DFF012C9C7C38002F5DBD /* PublicReposTests.xctest */,
				547DFF0B2C9C7C38002F5DBD /* PublicReposUITests.xctest */,
			);
			name = Products;
			sourceTree = "<group>";
		};
		547DFEF22C9C7C35002F5DBD /* PublicRepos */ = {
			isa = PBXGroup;
			children = (
				547DFF682C9F0FC9002F5DBD /* ReadMe.md */,
				547DFF252C9C8898002F5DBD /* Network */,
				547DFF312C9DD4E5002F5DBD /* Scenes */,
				547DFF452C9E4530002F5DBD /* CustomViews */,
				54D9310D2CA026450052B9E2 /* Extensions */,
				547DFF1E2C9C8650002F5DBD /* SharedModels */,
				547DFF2A2C9D3AE4002F5DBD /* Configs */,
				547DFF3D2C9E2BFE002F5DBD /* DesignSystem */,
				547DFF2E2C9D3DA1002F5DBD /* Environments */,
				547DFF402C9E3BCC002F5DBD /* Helpers */,
				547DFF2D2C9D3C7E002F5DBD /* Info.plist */,
				547DFEF72C9C7C37002F5DBD /* Assets.xcassets */,
				547DFEF92C9C7C37002F5DBD /* PublicRepos.entitlements */,
				547DFEF32C9C7C35002F5DBD /* PublicReposApp.swift */,
				547DFEFA2C9C7C37002F5DBD /* Preview Content */,
				54D931122CA028360052B9E2 /* Localizable.xcstrings */,
			);
			path = PublicRepos;
			sourceTree = "<group>";
		};
		547DFEFA2C9C7C37002F5DBD /* Preview Content */ = {
			isa = PBXGroup;
			children = (
				547DFEFB2C9C7C37002F5DBD /* Preview Assets.xcassets */,
			);
			path = "Preview Content";
			sourceTree = "<group>";
		};
		547DFF042C9C7C38002F5DBD /* PublicReposTests */ = {
			isa = PBXGroup;
			children = (
				54D931142CA02D150052B9E2 /* Models */,
				547DFF6B2C9F299E002F5DBD /* ViewModels */,
				547DFF612C9EF444002F5DBD /* MockServices */,
				547DFF4D2C9EE226002F5DBD /* MockingJsons */,
				54D931192CA02FB40052B9E2 /* DetaLoader.swift */,
			);
			path = PublicReposTests;
			sourceTree = "<group>";
		};
		547DFF0E2C9C7C38002F5DBD /* PublicReposUITests */ = {
			isa = PBXGroup;
			children = (
				547DFF0F2C9C7C38002F5DBD /* PublicReposUITests.swift */,
				547DFF112C9C7C38002F5DBD /* PublicReposUITestsLaunchTests.swift */,
			);
			path = PublicReposUITests;
			sourceTree = "<group>";
		};
		547DFF1E2C9C8650002F5DBD /* SharedModels */ = {
			isa = PBXGroup;
			children = (
				547DFF1F2C9C86A3002F5DBD /* RepositoryModel.swift */,
				547DFF212C9C8761002F5DBD /* RepositoryOwnerModel.swift */,
			);
			path = SharedModels;
			sourceTree = "<group>";
		};
		547DFF252C9C8898002F5DBD /* Network */ = {
			isa = PBXGroup;
			children = (
				547DFF5C2C9EF03B002F5DBD /* ApiProtocols */,
				547DFF262C9C88B2002F5DBD /* ApiRouter.swift */,
				547DFF6E2C9F30B2002F5DBD /* ApiErrorsEnum.swift */,
			);
			path = Network;
			sourceTree = "<group>";
		};
		547DFF2A2C9D3AE4002F5DBD /* Configs */ = {
			isa = PBXGroup;
			children = (
				547DFF2B2C9D3B0D002F5DBD /* Debug.xcconfig */,
				547DFF2C2C9D3B90002F5DBD /* Release.xcconfig */,
			);
			path = Configs;
			sourceTree = "<group>";
		};
		547DFF2E2C9D3DA1002F5DBD /* Environments */ = {
			isa = PBXGroup;
			children = (
				547DFF2F2C9D3DB3002F5DBD /* Environments.swift */,
			);
			path = Environments;
			sourceTree = "<group>";
		};
		547DFF312C9DD4E5002F5DBD /* Scenes */ = {
			isa = PBXGroup;
			children = (
				547DFF792C9F9A8A002F5DBD /* SharedViews */,
				547DFF322C9DD4EE002F5DBD /* Repositories */,
				547DFF332C9DD4F7002F5DBD /* RepositoryDetails */,
			);
			path = Scenes;
			sourceTree = "<group>";
		};
		547DFF322C9DD4EE002F5DBD /* Repositories */ = {
			isa = PBXGroup;
			children = (
				547DFF702C9F40BD002F5DBD /* Service */,
				547DFF692C9F28FF002F5DBD /* Model */,
				547DFF372C9DD6B6002F5DBD /* ViewModel */,
				547DFF342C9DD503002F5DBD /* View */,
			);
			path = Repositories;
			sourceTree = "<group>";
		};
		547DFF332C9DD4F7002F5DBD /* RepositoryDetails */ = {
			isa = PBXGroup;
			children = (
				547DFF712C9F40E4002F5DBD /* Service */,
				547DFF6A2C9F2911002F5DBD /* Model */,
				547DFF482C9E57EF002F5DBD /* ViewModel */,
				547DFF3A2C9DEBE5002F5DBD /* View */,
			);
			path = RepositoryDetails;
			sourceTree = "<group>";
		};
		547DFF342C9DD503002F5DBD /* View */ = {
			isa = PBXGroup;
			children = (
				547DFF352C9DD538002F5DBD /* RepositoriesView.swift */,
			);
			path = View;
			sourceTree = "<group>";
		};
		547DFF372C9DD6B6002F5DBD /* ViewModel */ = {
			isa = PBXGroup;
			children = (
				547DFF382C9DD6C5002F5DBD /* RepositoriesViewModel.swift */,
			);
			path = ViewModel;
			sourceTree = "<group>";
		};
		547DFF3A2C9DEBE5002F5DBD /* View */ = {
			isa = PBXGroup;
			children = (
				547DFF3B2C9DEBF6002F5DBD /* RepositoryDetailsView.swift */,
			);
			path = View;
			sourceTree = "<group>";
		};
		547DFF3D2C9E2BFE002F5DBD /* DesignSystem */ = {
			isa = PBXGroup;
			children = (
				547DFF742C9F70FB002F5DBD /* AppColors.swift */,
			);
			path = DesignSystem;
			sourceTree = "<group>";
		};
		547DFF402C9E3BCC002F5DBD /* Helpers */ = {
			isa = PBXGroup;
			children = (
				547DFF412C9E3BD9002F5DBD /* ImageCashe.swift */,
			);
			path = Helpers;
			sourceTree = "<group>";
		};
		547DFF452C9E4530002F5DBD /* CustomViews */ = {
			isa = PBXGroup;
			children = (
				547DFF432C9E3C08002F5DBD /* CachedAsyncImage.swift */,
			);
			path = CustomViews;
			sourceTree = "<group>";
		};
		547DFF482C9E57EF002F5DBD /* ViewModel */ = {
			isa = PBXGroup;
			children = (
				547DFF492C9E5809002F5DBD /* RepositoryDetailsViewModel.swift */,
			);
			path = ViewModel;
			sourceTree = "<group>";
		};
		547DFF4D2C9EE226002F5DBD /* MockingJsons */ = {
			isa = PBXGroup;
			children = (
				547DFF502C9EE379002F5DBD /* MockRepositories.json */,
				547DFF522C9EE3CB002F5DBD /* MockRepositoryDetails.json */,
				54D9311B2CA02FDE0052B9E2 /* MockFiles.swift */,
			);
			path = MockingJsons;
			sourceTree = "<group>";
		};
		547DFF582C9EECD4002F5DBD /* Repositories */ = {
			isa = PBXGroup;
			children = (
				547DFF562C9EEB08002F5DBD /* RepositoriesApiProtocol.swift */,
			);
			path = Repositories;
			sourceTree = "<group>";
		};
		547DFF592C9EECDF002F5DBD /* RepositoryDetails */ = {
			isa = PBXGroup;
			children = (
				547DFF5A2C9EECFC002F5DBD /* RepositoryDetailsApiProtocol.swift */,
			);
			path = RepositoryDetails;
			sourceTree = "<group>";
		};
		547DFF5C2C9EF03B002F5DBD /* ApiProtocols */ = {
			isa = PBXGroup;
			children = (
				547DFF582C9EECD4002F5DBD /* Repositories */,
				547DFF592C9EECDF002F5DBD /* RepositoryDetails */,
			);
			path = ApiProtocols;
			sourceTree = "<group>";
		};
		547DFF612C9EF444002F5DBD /* MockServices */ = {
			isa = PBXGroup;
			children = (
				547DFF652C9F05B4002F5DBD /* RepositoriesDetails */,
				547DFF622C9EF452002F5DBD /* Repositorie */,
			);
			path = MockServices;
			sourceTree = "<group>";
		};
		547DFF622C9EF452002F5DBD /* Repositorie */ = {
			isa = PBXGroup;
			children = (
				547DFF632C9EF470002F5DBD /* MockRepositoriesService.swift */,
			);
			path = Repositorie;
			sourceTree = "<group>";
		};
		547DFF652C9F05B4002F5DBD /* RepositoriesDetails */ = {
			isa = PBXGroup;
			children = (
				547DFF662C9F05D0002F5DBD /* MockRepositoryDetailsService.swift */,
			);
			path = RepositoriesDetails;
			sourceTree = "<group>";
		};
		547DFF692C9F28FF002F5DBD /* Model */ = {
			isa = PBXGroup;
			children = (
				54D931092CA0120A0052B9E2 /* RepositoryUIModel.swift */,
			);
			path = Model;
			sourceTree = "<group>";
		};
		547DFF6A2C9F2911002F5DBD /* Model */ = {
			isa = PBXGroup;
			children = (
				54D9310B2CA025220052B9E2 /* RepositoryDetailsUIModel.swift */,
			);
			path = Model;
			sourceTree = "<group>";
		};
		547DFF6B2C9F299E002F5DBD /* ViewModels */ = {
			isa = PBXGroup;
			children = (
				547DFF6D2C9F29C8002F5DBD /* RepositoryDetails */,
				547DFF6C2C9F29BC002F5DBD /* Repositories */,
			);
			path = ViewModels;
			sourceTree = "<group>";
		};
		547DFF6C2C9F29BC002F5DBD /* Repositories */ = {
			isa = PBXGroup;
			children = (
				547DFF462C9E4EEB002F5DBD /* RepositoriesViewModelTests.swift */,
			);
			path = Repositories;
			sourceTree = "<group>";
		};
		547DFF6D2C9F29C8002F5DBD /* RepositoryDetails */ = {
			isa = PBXGroup;
			children = (
				547DFF4B2C9E588F002F5DBD /* RepositoryDetailsViewModelTests.swift */,
			);
			path = RepositoryDetails;
			sourceTree = "<group>";
		};
		547DFF702C9F40BD002F5DBD /* Service */ = {
			isa = PBXGroup;
			children = (
				547DFF5D2C9EF39D002F5DBD /* RepositoriesService.swift */,
			);
			path = Service;
			sourceTree = "<group>";
		};
		547DFF712C9F40E4002F5DBD /* Service */ = {
			isa = PBXGroup;
			children = (
				547DFF5F2C9EF3B4002F5DBD /* RepositoryDetailsService.swift */,
			);
			path = Service;
			sourceTree = "<group>";
		};
		547DFF792C9F9A8A002F5DBD /* SharedViews */ = {
			isa = PBXGroup;
			children = (
				547DFF7A2C9F9A9F002F5DBD /* RepositoryRowView.swift */,
			);
			path = SharedViews;
			sourceTree = "<group>";
		};
		54D9310D2CA026450052B9E2 /* Extensions */ = {
			isa = PBXGroup;
			children = (
				54D9311D2CA03EBF0052B9E2 /* UI+Extensions */,
				54D9310E2CA026560052B9E2 /* Int+Extension.swift */,
			);
			path = Extensions;
			sourceTree = "<group>";
		};
		54D931142CA02D150052B9E2 /* Models */ = {
			isa = PBXGroup;
			children = (
				54D931172CA02E2A0052B9E2 /* RepositoryModelTest.swift */,
			);
			path = Models;
			sourceTree = "<group>";
		};
		54D9311D2CA03EBF0052B9E2 /* UI+Extensions */ = {
			isa = PBXGroup;
			children = (
				54D9311E2CA03ED60052B9E2 /* UIColor+Extension.swift */,
				54D931202CA03EE40052B9E2 /* Color+Extension.swift */,
			);
			path = "UI+Extensions";
			sourceTree = "<group>";
		};
/* End PBXGroup section */

/* Begin PBXNativeTarget section */
		547DFEEF2C9C7C35002F5DBD /* PublicRepos */ = {
			isa = PBXNativeTarget;
			buildConfigurationList = 547DFF152C9C7C38002F5DBD /* Build configuration list for PBXNativeTarget "PublicRepos" */;
			buildPhases = (
				547DFEEC2C9C7C35002F5DBD /* Sources */,
				547DFEED2C9C7C35002F5DBD /* Frameworks */,
				547DFEEE2C9C7C35002F5DBD /* Resources */,
			);
			buildRules = (
			);
			dependencies = (
			);
			name = PublicRepos;
			productName = PublicRepos;
			productReference = 547DFEF02C9C7C35002F5DBD /* PublicRepos.app */;
			productType = "com.apple.product-type.application";
		};
		547DFF002C9C7C38002F5DBD /* PublicReposTests */ = {
			isa = PBXNativeTarget;
			buildConfigurationList = 547DFF182C9C7C38002F5DBD /* Build configuration list for PBXNativeTarget "PublicReposTests" */;
			buildPhases = (
				547DFEFD2C9C7C38002F5DBD /* Sources */,
				547DFEFE2C9C7C38002F5DBD /* Frameworks */,
				547DFEFF2C9C7C38002F5DBD /* Resources */,
			);
			buildRules = (
			);
			dependencies = (
				547DFF032C9C7C38002F5DBD /* PBXTargetDependency */,
			);
			name = PublicReposTests;
			productName = PublicReposTests;
			productReference = 547DFF012C9C7C38002F5DBD /* PublicReposTests.xctest */;
			productType = "com.apple.product-type.bundle.unit-test";
		};
		547DFF0A2C9C7C38002F5DBD /* PublicReposUITests */ = {
			isa = PBXNativeTarget;
			buildConfigurationList = 547DFF1B2C9C7C38002F5DBD /* Build configuration list for PBXNativeTarget "PublicReposUITests" */;
			buildPhases = (
				547DFF072C9C7C38002F5DBD /* Sources */,
				547DFF082C9C7C38002F5DBD /* Frameworks */,
				547DFF092C9C7C38002F5DBD /* Resources */,
			);
			buildRules = (
			);
			dependencies = (
				547DFF0D2C9C7C38002F5DBD /* PBXTargetDependency */,
			);
			name = PublicReposUITests;
			productName = PublicReposUITests;
			productReference = 547DFF0B2C9C7C38002F5DBD /* PublicReposUITests.xctest */;
			productType = "com.apple.product-type.bundle.ui-testing";
		};
/* End PBXNativeTarget section */

/* Begin PBXProject section */
		547DFEE82C9C7C35002F5DBD /* Project object */ = {
			isa = PBXProject;
			attributes = {
				BuildIndependentTargetsInParallel = 1;
				LastSwiftUpdateCheck = 1540;
				LastUpgradeCheck = 1540;
				TargetAttributes = {
					547DFEEF2C9C7C35002F5DBD = {
						CreatedOnToolsVersion = 15.4;
					};
					547DFF002C9C7C38002F5DBD = {
						CreatedOnToolsVersion = 15.4;
						TestTargetID = 547DFEEF2C9C7C35002F5DBD;
					};
					547DFF0A2C9C7C38002F5DBD = {
						CreatedOnToolsVersion = 15.4;
						TestTargetID = 547DFEEF2C9C7C35002F5DBD;
					};
				};
			};
			buildConfigurationList = 547DFEEB2C9C7C35002F5DBD /* Build configuration list for PBXProject "PublicRepos" */;
			compatibilityVersion = "Xcode 14.0";
			developmentRegion = en;
			hasScannedForEncodings = 0;
			knownRegions = (
				en,
				Base,
				ar,
			);
			mainGroup = 547DFEE72C9C7C35002F5DBD;
			productRefGroup = 547DFEF12C9C7C35002F5DBD /* Products */;
			projectDirPath = "";
			projectRoot = "";
			targets = (
				547DFEEF2C9C7C35002F5DBD /* PublicRepos */,
				547DFF002C9C7C38002F5DBD /* PublicReposTests */,
				547DFF0A2C9C7C38002F5DBD /* PublicReposUITests */,
			);
		};
/* End PBXProject section */

/* Begin PBXResourcesBuildPhase section */
		547DFEEE2C9C7C35002F5DBD /* Resources */ = {
			isa = PBXResourcesBuildPhase;
			buildActionMask = 2147483647;
			files = (
				547DFEFC2C9C7C37002F5DBD /* Preview Assets.xcassets in Resources */,
				547DFEF82C9C7C37002F5DBD /* Assets.xcassets in Resources */,
				54D931132CA028360052B9E2 /* Localizable.xcstrings in Resources */,
			);
			runOnlyForDeploymentPostprocessing = 0;
		};
		547DFEFF2C9C7C38002F5DBD /* Resources */ = {
			isa = PBXResourcesBuildPhase;
			buildActionMask = 2147483647;
			files = (
				547DFF532C9EE3CB002F5DBD /* MockRepositoryDetails.json in Resources */,
				547DFF512C9EE379002F5DBD /* MockRepositories.json in Resources */,
			);
			runOnlyForDeploymentPostprocessing = 0;
		};
		547DFF092C9C7C38002F5DBD /* Resources */ = {
			isa = PBXResourcesBuildPhase;
			buildActionMask = 2147483647;
			files = (
			);
			runOnlyForDeploymentPostprocessing = 0;
		};
/* End PBXResourcesBuildPhase section */

/* Begin PBXSourcesBuildPhase section */
		547DFEEC2C9C7C35002F5DBD /* Sources */ = {
			isa = PBXSourcesBuildPhase;
			buildActionMask = 2147483647;
			files = (
				547DFF602C9EF3B4002F5DBD /* RepositoryDetailsService.swift in Sources */,
				547DFF4A2C9E5809002F5DBD /* RepositoryDetailsViewModel.swift in Sources */,
				547DFF6F2C9F30B2002F5DBD /* ApiErrorsEnum.swift in Sources */,
				54D9311F2CA03ED60052B9E2 /* UIColor+Extension.swift in Sources */,
				54D9310F2CA026560052B9E2 /* Int+Extension.swift in Sources */,
				547DFF5E2C9EF39D002F5DBD /* RepositoriesService.swift in Sources */,
				547DFF202C9C86A3002F5DBD /* RepositoryModel.swift in Sources */,
				547DFF442C9E3C08002F5DBD /* CachedAsyncImage.swift in Sources */,
				54D9310C2CA025220052B9E2 /* RepositoryDetailsUIModel.swift in Sources */,
				547DFF5B2C9EECFC002F5DBD /* RepositoryDetailsApiProtocol.swift in Sources */,
				547DFF272C9C88B2002F5DBD /* ApiRouter.swift in Sources */,
				547DFF7B2C9F9A9F002F5DBD /* RepositoryRowView.swift in Sources */,
				54D9310A2CA0120A0052B9E2 /* RepositoryUIModel.swift in Sources */,
				547DFF752C9F70FB002F5DBD /* AppColors.swift in Sources */,
				547DFF422C9E3BD9002F5DBD /* ImageCashe.swift in Sources */,
				547DFF3C2C9DEBF6002F5DBD /* RepositoryDetailsView.swift in Sources */,
				547DFF222C9C8761002F5DBD /* RepositoryOwnerModel.swift in Sources */,
				547DFF302C9D3DB3002F5DBD /* Environments.swift in Sources */,
				547DFF362C9DD538002F5DBD /* RepositoriesView.swift in Sources */,
				547DFF572C9EEB08002F5DBD /* RepositoriesApiProtocol.swift in Sources */,
				547DFF392C9DD6C5002F5DBD /* RepositoriesViewModel.swift in Sources */,
				547DFEF42C9C7C35002F5DBD /* PublicReposApp.swift in Sources */,
				54D931212CA03EE40052B9E2 /* Color+Extension.swift in Sources */,
			);
			runOnlyForDeploymentPostprocessing = 0;
		};
		547DFEFD2C9C7C38002F5DBD /* Sources */ = {
			isa = PBXSourcesBuildPhase;
			buildActionMask = 2147483647;
			files = (
				547DFF4C2C9E588F002F5DBD /* RepositoryDetailsViewModelTests.swift in Sources */,
				54D931182CA02E2A0052B9E2 /* RepositoryModelTest.swift in Sources */,
				54D9311C2CA02FDE0052B9E2 /* MockFiles.swift in Sources */,
				54D9311A2CA02FB40052B9E2 /* DetaLoader.swift in Sources */,
				547DFF472C9E4EEB002F5DBD /* RepositoriesViewModelTests.swift in Sources */,
				547DFF672C9F05D0002F5DBD /* MockRepositoryDetailsService.swift in Sources */,
				547DFF642C9EF470002F5DBD /* MockRepositoriesService.swift in Sources */,
			);
			runOnlyForDeploymentPostprocessing = 0;
		};
		547DFF072C9C7C38002F5DBD /* Sources */ = {
			isa = PBXSourcesBuildPhase;
			buildActionMask = 2147483647;
			files = (
				547DFF102C9C7C38002F5DBD /* PublicReposUITests.swift in Sources */,
				547DFF122C9C7C38002F5DBD /* PublicReposUITestsLaunchTests.swift in Sources */,
			);
			runOnlyForDeploymentPostprocessing = 0;
		};
/* End PBXSourcesBuildPhase section */

/* Begin PBXTargetDependency section */
		547DFF032C9C7C38002F5DBD /* PBXTargetDependency */ = {
			isa = PBXTargetDependency;
			target = 547DFEEF2C9C7C35002F5DBD /* PublicRepos */;
			targetProxy = 547DFF022C9C7C38002F5DBD /* PBXContainerItemProxy */;
		};
		547DFF0D2C9C7C38002F5DBD /* PBXTargetDependency */ = {
			isa = PBXTargetDependency;
			target = 547DFEEF2C9C7C35002F5DBD /* PublicRepos */;
			targetProxy = 547DFF0C2C9C7C38002F5DBD /* PBXContainerItemProxy */;
		};
/* End PBXTargetDependency section */

/* Begin XCBuildConfiguration section */
		547DFF132C9C7C38002F5DBD /* Debug */ = {
			isa = XCBuildConfiguration;
			baseConfigurationReference = 547DFF2B2C9D3B0D002F5DBD /* Debug.xcconfig */;
			buildSettings = {
				ALWAYS_SEARCH_USER_PATHS = NO;
				ASSETCATALOG_COMPILER_GENERATE_SWIFT_ASSET_SYMBOL_EXTENSIONS = YES;
				CLANG_ANALYZER_NONNULL = YES;
				CLANG_ANALYZER_NUMBER_OBJECT_CONVERSION = YES_AGGRESSIVE;
				CLANG_CXX_LANGUAGE_STANDARD = "gnu++20";
				CLANG_ENABLE_MODULES = YES;
				CLANG_ENABLE_OBJC_ARC = YES;
				CLANG_ENABLE_OBJC_WEAK = YES;
				CLANG_WARN_BLOCK_CAPTURE_AUTORELEASING = YES;
				CLANG_WARN_BOOL_CONVERSION = YES;
				CLANG_WARN_COMMA = YES;
				CLANG_WARN_CONSTANT_CONVERSION = YES;
				CLANG_WARN_DEPRECATED_OBJC_IMPLEMENTATIONS = YES;
				CLANG_WARN_DIRECT_OBJC_ISA_USAGE = YES_ERROR;
				CLANG_WARN_DOCUMENTATION_COMMENTS = YES;
				CLANG_WARN_EMPTY_BODY = YES;
				CLANG_WARN_ENUM_CONVERSION = YES;
				CLANG_WARN_INFINITE_RECURSION = YES;
				CLANG_WARN_INT_CONVERSION = YES;
				CLANG_WARN_NON_LITERAL_NULL_CONVERSION = YES;
				CLANG_WARN_OBJC_IMPLICIT_RETAIN_SELF = YES;
				CLANG_WARN_OBJC_LITERAL_CONVERSION = YES;
				CLANG_WARN_OBJC_ROOT_CLASS = YES_ERROR;
				CLANG_WARN_QUOTED_INCLUDE_IN_FRAMEWORK_HEADER = YES;
				CLANG_WARN_RANGE_LOOP_ANALYSIS = YES;
				CLANG_WARN_STRICT_PROTOTYPES = YES;
				CLANG_WARN_SUSPICIOUS_MOVE = YES;
				CLANG_WARN_UNGUARDED_AVAILABILITY = YES_AGGRESSIVE;
				CLANG_WARN_UNREACHABLE_CODE = YES;
				CLANG_WARN__DUPLICATE_METHOD_MATCH = YES;
				COPY_PHASE_STRIP = NO;
				DEBUG_INFORMATION_FORMAT = dwarf;
				ENABLE_STRICT_OBJC_MSGSEND = YES;
				ENABLE_TESTABILITY = YES;
				ENABLE_USER_SCRIPT_SANDBOXING = YES;
				GCC_C_LANGUAGE_STANDARD = gnu17;
				GCC_DYNAMIC_NO_PIC = NO;
				GCC_NO_COMMON_BLOCKS = YES;
				GCC_OPTIMIZATION_LEVEL = 0;
				GCC_PREPROCESSOR_DEFINITIONS = (
					"DEBUG=1",
					"$(inherited)",
				);
				GCC_WARN_64_TO_32_BIT_CONVERSION = YES;
				GCC_WARN_ABOUT_RETURN_TYPE = YES_ERROR;
				GCC_WARN_UNDECLARED_SELECTOR = YES;
				GCC_WARN_UNINITIALIZED_AUTOS = YES_AGGRESSIVE;
				GCC_WARN_UNUSED_FUNCTION = YES;
				GCC_WARN_UNUSED_VARIABLE = YES;
				LOCALIZATION_PREFERS_STRING_CATALOGS = YES;
				MTL_ENABLE_DEBUG_INFO = INCLUDE_SOURCE;
				MTL_FAST_MATH = YES;
				ONLY_ACTIVE_ARCH = YES;
				SWIFT_ACTIVE_COMPILATION_CONDITIONS = "DEBUG $(inherited)";
				SWIFT_OPTIMIZATION_LEVEL = "-Onone";
			};
			name = Debug;
		};
		547DFF142C9C7C38002F5DBD /* Release */ = {
			isa = XCBuildConfiguration;
			baseConfigurationReference = 547DFF2C2C9D3B90002F5DBD /* Release.xcconfig */;
			buildSettings = {
				ALWAYS_SEARCH_USER_PATHS = NO;
				ASSETCATALOG_COMPILER_GENERATE_SWIFT_ASSET_SYMBOL_EXTENSIONS = YES;
				CLANG_ANALYZER_NONNULL = YES;
				CLANG_ANALYZER_NUMBER_OBJECT_CONVERSION = YES_AGGRESSIVE;
				CLANG_CXX_LANGUAGE_STANDARD = "gnu++20";
				CLANG_ENABLE_MODULES = YES;
				CLANG_ENABLE_OBJC_ARC = YES;
				CLANG_ENABLE_OBJC_WEAK = YES;
				CLANG_WARN_BLOCK_CAPTURE_AUTORELEASING = YES;
				CLANG_WARN_BOOL_CONVERSION = YES;
				CLANG_WARN_COMMA = YES;
				CLANG_WARN_CONSTANT_CONVERSION = YES;
				CLANG_WARN_DEPRECATED_OBJC_IMPLEMENTATIONS = YES;
				CLANG_WARN_DIRECT_OBJC_ISA_USAGE = YES_ERROR;
				CLANG_WARN_DOCUMENTATION_COMMENTS = YES;
				CLANG_WARN_EMPTY_BODY = YES;
				CLANG_WARN_ENUM_CONVERSION = YES;
				CLANG_WARN_INFINITE_RECURSION = YES;
				CLANG_WARN_INT_CONVERSION = YES;
				CLANG_WARN_NON_LITERAL_NULL_CONVERSION = YES;
				CLANG_WARN_OBJC_IMPLICIT_RETAIN_SELF = YES;
				CLANG_WARN_OBJC_LITERAL_CONVERSION = YES;
				CLANG_WARN_OBJC_ROOT_CLASS = YES_ERROR;
				CLANG_WARN_QUOTED_INCLUDE_IN_FRAMEWORK_HEADER = YES;
				CLANG_WARN_RANGE_LOOP_ANALYSIS = YES;
				CLANG_WARN_STRICT_PROTOTYPES = YES;
				CLANG_WARN_SUSPICIOUS_MOVE = YES;
				CLANG_WARN_UNGUARDED_AVAILABILITY = YES_AGGRESSIVE;
				CLANG_WARN_UNREACHABLE_CODE = YES;
				CLANG_WARN__DUPLICATE_METHOD_MATCH = YES;
				COPY_PHASE_STRIP = NO;
				DEBUG_INFORMATION_FORMAT = "dwarf-with-dsym";
				ENABLE_NS_ASSERTIONS = NO;
				ENABLE_STRICT_OBJC_MSGSEND = YES;
				ENABLE_USER_SCRIPT_SANDBOXING = YES;
				GCC_C_LANGUAGE_STANDARD = gnu17;
				GCC_NO_COMMON_BLOCKS = YES;
				GCC_WARN_64_TO_32_BIT_CONVERSION = YES;
				GCC_WARN_ABOUT_RETURN_TYPE = YES_ERROR;
				GCC_WARN_UNDECLARED_SELECTOR = YES;
				GCC_WARN_UNINITIALIZED_AUTOS = YES_AGGRESSIVE;
				GCC_WARN_UNUSED_FUNCTION = YES;
				GCC_WARN_UNUSED_VARIABLE = YES;
				LOCALIZATION_PREFERS_STRING_CATALOGS = YES;
				MTL_ENABLE_DEBUG_INFO = NO;
				MTL_FAST_MATH = YES;
				SWIFT_COMPILATION_MODE = wholemodule;
			};
			name = Release;
		};
		547DFF162C9C7C38002F5DBD /* Debug */ = {
			isa = XCBuildConfiguration;
			buildSettings = {
				ASSETCATALOG_COMPILER_APPICON_NAME = AppIcon;
				ASSETCATALOG_COMPILER_GLOBAL_ACCENT_COLOR_NAME = AccentColor;
				CODE_SIGN_ENTITLEMENTS = PublicRepos/PublicRepos.entitlements;
				CODE_SIGN_STYLE = Automatic;
				CURRENT_PROJECT_VERSION = 1;
				DEVELOPMENT_ASSET_PATHS = "\"PublicRepos/Preview Content\"";
				DEVELOPMENT_TEAM = G6V8E9TP27;
				ENABLE_HARDENED_RUNTIME = YES;
				ENABLE_PREVIEWS = YES;
				GENERATE_INFOPLIST_FILE = YES;
				INFOPLIST_FILE = PublicRepos/Info.plist;
				"INFOPLIST_KEY_UIApplicationSceneManifest_Generation[sdk=iphoneos*]" = YES;
				"INFOPLIST_KEY_UIApplicationSceneManifest_Generation[sdk=iphonesimulator*]" = YES;
				"INFOPLIST_KEY_UIApplicationSupportsIndirectInputEvents[sdk=iphoneos*]" = YES;
				"INFOPLIST_KEY_UIApplicationSupportsIndirectInputEvents[sdk=iphonesimulator*]" = YES;
				"INFOPLIST_KEY_UILaunchScreen_Generation[sdk=iphoneos*]" = YES;
				"INFOPLIST_KEY_UILaunchScreen_Generation[sdk=iphonesimulator*]" = YES;
				"INFOPLIST_KEY_UIStatusBarStyle[sdk=iphoneos*]" = UIStatusBarStyleDefault;
				"INFOPLIST_KEY_UIStatusBarStyle[sdk=iphonesimulator*]" = UIStatusBarStyleDefault;
				INFOPLIST_KEY_UISupportedInterfaceOrientations_iPad = "UIInterfaceOrientationPortrait UIInterfaceOrientationPortraitUpsideDown UIInterfaceOrientationLandscapeLeft UIInterfaceOrientationLandscapeRight";
				INFOPLIST_KEY_UISupportedInterfaceOrientations_iPhone = "UIInterfaceOrientationPortrait UIInterfaceOrientationLandscapeLeft UIInterfaceOrientationLandscapeRight";
				IPHONEOS_DEPLOYMENT_TARGET = 17.5;
				LD_RUNPATH_SEARCH_PATHS = "@executable_path/Frameworks";
				"LD_RUNPATH_SEARCH_PATHS[sdk=macosx*]" = "@executable_path/../Frameworks";
				MACOSX_DEPLOYMENT_TARGET = 14.5;
				MARKETING_VERSION = 1.0;
				PRODUCT_BUNDLE_IDENTIFIER = MariamElenna.PublicRepos;
				PRODUCT_NAME = "$(TARGET_NAME)";
				SDKROOT = auto;
				SUPPORTED_PLATFORMS = "iphoneos iphonesimulator macosx";
				SWIFT_EMIT_LOC_STRINGS = YES;
				SWIFT_VERSION = 5.0;
				TARGETED_DEVICE_FAMILY = "1,2";
			};
			name = Debug;
		};
		547DFF172C9C7C38002F5DBD /* Release */ = {
			isa = XCBuildConfiguration;
			buildSettings = {
				ASSETCATALOG_COMPILER_APPICON_NAME = AppIcon;
				ASSETCATALOG_COMPILER_GLOBAL_ACCENT_COLOR_NAME = AccentColor;
				CODE_SIGN_ENTITLEMENTS = PublicRepos/PublicRepos.entitlements;
				CODE_SIGN_STYLE = Automatic;
				CURRENT_PROJECT_VERSION = 1;
				DEVELOPMENT_ASSET_PATHS = "\"PublicRepos/Preview Content\"";
				DEVELOPMENT_TEAM = G6V8E9TP27;
				ENABLE_HARDENED_RUNTIME = YES;
				ENABLE_PREVIEWS = YES;
				GENERATE_INFOPLIST_FILE = YES;
				INFOPLIST_FILE = PublicRepos/Info.plist;
				"INFOPLIST_KEY_UIApplicationSceneManifest_Generation[sdk=iphoneos*]" = YES;
				"INFOPLIST_KEY_UIApplicationSceneManifest_Generation[sdk=iphonesimulator*]" = YES;
				"INFOPLIST_KEY_UIApplicationSupportsIndirectInputEvents[sdk=iphoneos*]" = YES;
				"INFOPLIST_KEY_UIApplicationSupportsIndirectInputEvents[sdk=iphonesimulator*]" = YES;
				"INFOPLIST_KEY_UILaunchScreen_Generation[sdk=iphoneos*]" = YES;
				"INFOPLIST_KEY_UILaunchScreen_Generation[sdk=iphonesimulator*]" = YES;
				"INFOPLIST_KEY_UIStatusBarStyle[sdk=iphoneos*]" = UIStatusBarStyleDefault;
				"INFOPLIST_KEY_UIStatusBarStyle[sdk=iphonesimulator*]" = UIStatusBarStyleDefault;
				INFOPLIST_KEY_UISupportedInterfaceOrientations_iPad = "UIInterfaceOrientationPortrait UIInterfaceOrientationPortraitUpsideDown UIInterfaceOrientationLandscapeLeft UIInterfaceOrientationLandscapeRight";
				INFOPLIST_KEY_UISupportedInterfaceOrientations_iPhone = "UIInterfaceOrientationPortrait UIInterfaceOrientationLandscapeLeft UIInterfaceOrientationLandscapeRight";
				IPHONEOS_DEPLOYMENT_TARGET = 17.5;
				LD_RUNPATH_SEARCH_PATHS = "@executable_path/Frameworks";
				"LD_RUNPATH_SEARCH_PATHS[sdk=macosx*]" = "@executable_path/../Frameworks";
				MACOSX_DEPLOYMENT_TARGET = 14.5;
				MARKETING_VERSION = 1.0;
				PRODUCT_BUNDLE_IDENTIFIER = MariamElenna.PublicRepos;
				PRODUCT_NAME = "$(TARGET_NAME)";
				SDKROOT = auto;
				SUPPORTED_PLATFORMS = "iphoneos iphonesimulator macosx";
				SWIFT_EMIT_LOC_STRINGS = YES;
				SWIFT_VERSION = 5.0;
				TARGETED_DEVICE_FAMILY = "1,2";
			};
			name = Release;
		};
		547DFF192C9C7C38002F5DBD /* Debug */ = {
			isa = XCBuildConfiguration;
			buildSettings = {
				ALWAYS_EMBED_SWIFT_STANDARD_LIBRARIES = YES;
				BUNDLE_LOADER = "$(TEST_HOST)";
				CODE_SIGN_STYLE = Automatic;
				CURRENT_PROJECT_VERSION = 1;
				DEVELOPMENT_TEAM = G6V8E9TP27;
				GENERATE_INFOPLIST_FILE = YES;
				IPHONEOS_DEPLOYMENT_TARGET = 17.5;
				MACOSX_DEPLOYMENT_TARGET = 14.5;
				MARKETING_VERSION = 1.0;
				PRODUCT_BUNDLE_IDENTIFIER = MariamElenna.PublicReposTests;
				PRODUCT_NAME = "$(TARGET_NAME)";
				SDKROOT = auto;
				SUPPORTED_PLATFORMS = "iphoneos iphonesimulator macosx";
				SWIFT_EMIT_LOC_STRINGS = NO;
				SWIFT_VERSION = 5.0;
				TARGETED_DEVICE_FAMILY = "1,2";
				TEST_HOST = "$(BUILT_PRODUCTS_DIR)/PublicRepos.app/$(BUNDLE_EXECUTABLE_FOLDER_PATH)/PublicRepos";
			};
			name = Debug;
		};
		547DFF1A2C9C7C38002F5DBD /* Release */ = {
			isa = XCBuildConfiguration;
			buildSettings = {
				ALWAYS_EMBED_SWIFT_STANDARD_LIBRARIES = YES;
				BUNDLE_LOADER = "$(TEST_HOST)";
				CODE_SIGN_STYLE = Automatic;
				CURRENT_PROJECT_VERSION = 1;
				DEVELOPMENT_TEAM = G6V8E9TP27;
				GENERATE_INFOPLIST_FILE = YES;
				IPHONEOS_DEPLOYMENT_TARGET = 17.5;
				MACOSX_DEPLOYMENT_TARGET = 14.5;
				MARKETING_VERSION = 1.0;
				PRODUCT_BUNDLE_IDENTIFIER = MariamElenna.PublicReposTests;
				PRODUCT_NAME = "$(TARGET_NAME)";
				SDKROOT = auto;
				SUPPORTED_PLATFORMS = "iphoneos iphonesimulator macosx";
				SWIFT_EMIT_LOC_STRINGS = NO;
				SWIFT_VERSION = 5.0;
				TARGETED_DEVICE_FAMILY = "1,2";
				TEST_HOST = "$(BUILT_PRODUCTS_DIR)/PublicRepos.app/$(BUNDLE_EXECUTABLE_FOLDER_PATH)/PublicRepos";
			};
			name = Release;
		};
		547DFF1C2C9C7C38002F5DBD /* Debug */ = {
			isa = XCBuildConfiguration;
			buildSettings = {
				ALWAYS_EMBED_SWIFT_STANDARD_LIBRARIES = YES;
				CODE_SIGN_STYLE = Automatic;
				CURRENT_PROJECT_VERSION = 1;
				DEVELOPMENT_TEAM = G6V8E9TP27;
				GENERATE_INFOPLIST_FILE = YES;
				IPHONEOS_DEPLOYMENT_TARGET = 17.5;
				MACOSX_DEPLOYMENT_TARGET = 14.5;
				MARKETING_VERSION = 1.0;
				PRODUCT_BUNDLE_IDENTIFIER = MariamElenna.PublicReposUITests;
				PRODUCT_NAME = "$(TARGET_NAME)";
				SDKROOT = auto;
				SUPPORTED_PLATFORMS = "iphoneos iphonesimulator macosx";
				SWIFT_EMIT_LOC_STRINGS = NO;
				SWIFT_VERSION = 5.0;
				TARGETED_DEVICE_FAMILY = "1,2";
				TEST_TARGET_NAME = PublicRepos;
			};
			name = Debug;
		};
		547DFF1D2C9C7C38002F5DBD /* Release */ = {
			isa = XCBuildConfiguration;
			buildSettings = {
				ALWAYS_EMBED_SWIFT_STANDARD_LIBRARIES = YES;
				CODE_SIGN_STYLE = Automatic;
				CURRENT_PROJECT_VERSION = 1;
				DEVELOPMENT_TEAM = G6V8E9TP27;
				GENERATE_INFOPLIST_FILE = YES;
				IPHONEOS_DEPLOYMENT_TARGET = 17.5;
				MACOSX_DEPLOYMENT_TARGET = 14.5;
				MARKETING_VERSION = 1.0;
				PRODUCT_BUNDLE_IDENTIFIER = MariamElenna.PublicReposUITests;
				PRODUCT_NAME = "$(TARGET_NAME)";
				SDKROOT = auto;
				SUPPORTED_PLATFORMS = "iphoneos iphonesimulator macosx";
				SWIFT_EMIT_LOC_STRINGS = NO;
				SWIFT_VERSION = 5.0;
				TARGETED_DEVICE_FAMILY = "1,2";
				TEST_TARGET_NAME = PublicRepos;
			};
			name = Release;
		};
/* End XCBuildConfiguration section */

/* Begin XCConfigurationList section */
		547DFEEB2C9C7C35002F5DBD /* Build configuration list for PBXProject "PublicRepos" */ = {
			isa = XCConfigurationList;
			buildConfigurations = (
				547DFF132C9C7C38002F5DBD /* Debug */,
				547DFF142C9C7C38002F5DBD /* Release */,
			);
			defaultConfigurationIsVisible = 0;
			defaultConfigurationName = Release;
		};
		547DFF152C9C7C38002F5DBD /* Build configuration list for PBXNativeTarget "PublicRepos" */ = {
			isa = XCConfigurationList;
			buildConfigurations = (
				547DFF162C9C7C38002F5DBD /* Debug */,
				547DFF172C9C7C38002F5DBD /* Release */,
			);
			defaultConfigurationIsVisible = 0;
			defaultConfigurationName = Release;
		};
		547DFF182C9C7C38002F5DBD /* Build configuration list for PBXNativeTarget "PublicReposTests" */ = {
			isa = XCConfigurationList;
			buildConfigurations = (
				547DFF192C9C7C38002F5DBD /* Debug */,
				547DFF1A2C9C7C38002F5DBD /* Release */,
			);
			defaultConfigurationIsVisible = 0;
			defaultConfigurationName = Release;
		};
		547DFF1B2C9C7C38002F5DBD /* Build configuration list for PBXNativeTarget "PublicReposUITests" */ = {
			isa = XCConfigurationList;
			buildConfigurations = (
				547DFF1C2C9C7C38002F5DBD /* Debug */,
				547DFF1D2C9C7C38002F5DBD /* Release */,
			);
			defaultConfigurationIsVisible = 0;
			defaultConfigurationName = Release;
		};
/* End XCConfigurationList section */
	};
	rootObject = 547DFEE82C9C7C35002F5DBD /* Project object */;
}
